
Microsoft Visual Studio Solution File, Format Version 12.00
# Visual Studio Version 17
VisualStudioVersion = 17.10.35122.118
MinimumVisualStudioVersion = 10.0.40219.1
Project("{9A19103F-16F7-4668-BE54-9A1E7A4F7556}") = "CisternasGAMC", "CisternasGAMC.csproj", "{0C0E068E-4793-4F25-9513-BB7D6F709487}"
EndProject
Global
	GlobalSection(SolutionConfigurationPlatforms) = preSolution
		Debug|Any CPU = Debug|Any CPU
		Release|Any CPU = Release|Any CPU
	EndGlobalSection
	GlobalSection(ProjectConfigurationPlatforms) = postSolution
		{0C0E068E-4793-4F25-9513-BB7D6F709487}.Debug|Any CPU.ActiveCfg = Debug|Any CPU
		{0C0E068E-4793-4F25-9513-BB7D6F709487}.Debug|Any CPU.Build.0 = Debug|Any CPU
		{0C0E068E-4793-4F25-9513-BB7D6F709487}.Release|Any CPU.ActiveCfg = Release|Any CPU
		{0C0E068E-4793-4F25-9513-BB7D6F709487}.Release|Any CPU.Build.0 = Release|Any CPU
	EndGlobalSection
	GlobalSection(SolutionProperties) = preSolution
		HideSolutionNode = FALSE
	EndGlobalSection
	GlobalSection(ExtensibilityGlobals) = postSolution
		SolutionGuid = {A1E09D40-2B19-4072-82B7-62B05092B144}
	EndGlobalSection
EndGlobal
